
Microsoft Visual Studio Solution File, Format Version 12.00
# Visual Studio Version 17
VisualStudioVersion = 17.14.36221.1 d17.14
MinimumVisualStudioVersion = 10.0.40219.1
Project("{FAE04EC0-301F-11D3-BF4B-00C04F79EFBC}") = "Back", "Back\Back.csproj", "{3C7949D0-8FF1-4D50-8F2B-F4A279825AB3}"
EndProject
Global
	GlobalSection(SolutionConfigurationPlatforms) = preSolution
		Debug|Any CPU = Debug|Any CPU
		Release|Any CPU = Release|Any CPU
	EndGlobalSection
	GlobalSection(ProjectConfigurationPlatforms) = postSolution
		{3C7949D0-8FF1-4D50-8F2B-F4A279825AB3}.Debug|Any CPU.ActiveCfg = Debug|Any CPU
		{3C7949D0-8FF1-4D50-8F2B-F4A279825AB3}.Debug|Any CPU.Build.0 = Debug|Any CPU
		{3C7949D0-8FF1-4D50-8F2B-F4A279825AB3}.Release|Any CPU.ActiveCfg = Release|Any CPU
		{3C7949D0-8FF1-4D50-8F2B-F4A279825AB3}.Release|Any CPU.Build.0 = Release|Any CPU
	EndGlobalSection
	GlobalSection(SolutionProperties) = preSolution
		HideSolutionNode = FALSE
	EndGlobalSection
	GlobalSection(ExtensibilityGlobals) = postSolution
		SolutionGuid = {086FA5E0-B98F-4345-B550-F599D5781525}
	EndGlobalSection
EndGlobal
